// !$*UTF8*$!
{
	archiveVersion = 1;
	classes = {
	};
	objectVersion = 46;
	objects = {

/* Begin PBXBuildFile section */
		55E07073197A4356000C46EC /* AppDelegate.swift in Sources */ = {isa = PBXBuildFile; fileRef = 55E07072197A4356000C46EC /* AppDelegate.swift */; };
		55E07075197A4356000C46EC /* ViewController.swift in Sources */ = {isa = PBXBuildFile; fileRef = 55E07074197A4356000C46EC /* ViewController.swift */; };
		55E07078197A4356000C46EC /* Main.storyboard in Resources */ = {isa = PBXBuildFile; fileRef = 55E07076197A4356000C46EC /* Main.storyboard */; };
		55E0707A197A4356000C46EC /* Images.xcassets in Resources */ = {isa = PBXBuildFile; fileRef = 55E07079197A4356000C46EC /* Images.xcassets */; };
		55E07086197A4356000C46EC /* TipCalculatorTests.swift in Sources */ = {isa = PBXBuildFile; fileRef = 55E07085197A4356000C46EC /* TipCalculatorTests.swift */; };
		55E07090197A4600000C46EC /* TipCalculatorModel.swift in Sources */ = {isa = PBXBuildFile; fileRef = 55E0708F197A4600000C46EC /* TipCalculatorModel.swift */; };
/* End PBXBuildFile section */

/* Begin PBXContainerItemProxy section */
		55E07080197A4356000C46EC /* PBXContainerItemProxy */ = {
			isa = PBXContainerItemProxy;
			containerPortal = 55E07065197A4355000C46EC /* Project object */;
			proxyType = 1;
			remoteGlobalIDString = 55E0706C197A4356000C46EC;
			remoteInfo = TipCalculator;
		};
/* End PBXContainerItemProxy section */

/* Begin PBXFileReference section */
		55E0706D197A4356000C46EC /* Tip Calculator.app */ = {isa = PBXFileReference; explicitFileType = wrapper.application; includeInIndex = 0; path = "Tip Calculator.app"; sourceTree = BUILT_PRODUCTS_DIR; };
		55E07071197A4356000C46EC /* Info.plist */ = {isa = PBXFileReference; lastKnownFileType = text.plist.xml; path = Info.plist; sourceTree = "<group>"; };
		55E07072197A4356000C46EC /* AppDelegate.swift */ = {isa = PBXFileReference; lastKnownFileType = sourcecode.swift; path = AppDelegate.swift; sourceTree = "<group>"; };
		55E07074197A4356000C46EC /* ViewController.swift */ = {isa = PBXFileReference; lastKnownFileType = sourcecode.swift; path = ViewController.swift; sourceTree = "<group>"; };
		55E07077197A4356000C46EC /* Base */ = {isa = PBXFileReference; lastKnownFileType = file.storyboard; name = Base; path = Base.lproj/Main.storyboard; sourceTree = "<group>"; };
		55E07079197A4356000C46EC /* Images.xcassets */ = {isa = PBXFileReference; lastKnownFileType = folder.assetcatalog; path = Images.xcassets; sourceTree = "<group>"; };
		55E0707F197A4356000C46EC /* Tip CalculatorTests.xctest */ = {isa = PBXFileReference; explicitFileType = wrapper.cfbundle; includeInIndex = 0; path = "Tip CalculatorTests.xctest"; sourceTree = BUILT_PRODUCTS_DIR; };
		55E07084197A4356000C46EC /* Info.plist */ = {isa = PBXFileReference; lastKnownFileType = text.plist.xml; path = Info.plist; sourceTree = "<group>"; };
		55E07085197A4356000C46EC /* TipCalculatorTests.swift */ = {isa = PBXFileReference; lastKnownFileType = sourcecode.swift; path = TipCalculatorTests.swift; sourceTree = "<group>"; };
		55E0708F197A4600000C46EC /* TipCalculatorModel.swift */ = {isa = PBXFileReference; fileEncoding = 4; lastKnownFileType = sourcecode.swift; path = TipCalculatorModel.swift; sourceTree = "<group>"; };
/* End PBXFileReference section */

/* Begin PBXFrameworksBuildPhase section */
		55E0706A197A4356000C46EC /* Frameworks */ = {
			isa = PBXFrameworksBuildPhase;
			buildActionMask = 2147483647;
			files = (
			);
			runOnlyForDeploymentPostprocessing = 0;
		};
		55E0707C197A4356000C46EC /* Frameworks */ = {
			isa = PBXFrameworksBuildPhase;
			buildActionMask = 2147483647;
			files = (
			);
			runOnlyForDeploymentPostprocessing = 0;
		};
/* End PBXFrameworksBuildPhase section */

/* Begin PBXGroup section */
		55E07064197A4355000C46EC = {
			isa = PBXGroup;
			children = (
				55E0708F197A4600000C46EC /* TipCalculatorModel.swift */,
				55E0706F197A4356000C46EC /* TipCalculator */,
				55E07082197A4356000C46EC /* TipCalculatorTests */,
				55E0706E197A4356000C46EC /* Products */,
			);
			sourceTree = "<group>";
		};
		55E0706E197A4356000C46EC /* Products */ = {
			isa = PBXGroup;
			children = (
				55E0706D197A4356000C46EC /* Tip Calculator.app */,
				55E0707F197A4356000C46EC /* Tip CalculatorTests.xctest */,
			);
			name = Products;
			sourceTree = "<group>";
		};
		55E0706F197A4356000C46EC /* TipCalculator */ = {
			isa = PBXGroup;
			children = (
				55E07072197A4356000C46EC /* AppDelegate.swift */,
				55E07074197A4356000C46EC /* ViewController.swift */,
				55E07076197A4356000C46EC /* Main.storyboard */,
				55E07079197A4356000C46EC /* Images.xcassets */,
				55E07070197A4356000C46EC /* Supporting Files */,
			);
			path = TipCalculator;
			sourceTree = "<group>";
		};
		55E07070197A4356000C46EC /* Supporting Files */ = {
			isa = PBXGroup;
			children = (
				55E07071197A4356000C46EC /* Info.plist */,
			);
			name = "Supporting Files";
			sourceTree = "<group>";
		};
		55E07082197A4356000C46EC /* TipCalculatorTests */ = {
			isa = PBXGroup;
			children = (
				55E07085197A4356000C46EC /* TipCalculatorTests.swift */,
				55E07083197A4356000C46EC /* Supporting Files */,
			);
			path = TipCalculatorTests;
			sourceTree = "<group>";
		};
		55E07083197A4356000C46EC /* Supporting Files */ = {
			isa = PBXGroup;
			children = (
				55E07084197A4356000C46EC /* Info.plist */,
			);
			name = "Supporting Files";
			sourceTree = "<group>";
		};
/* End PBXGroup section */

/* Begin PBXNativeTarget section */
		55E0706C197A4356000C46EC /* Tip Calculator */ = {
			isa = PBXNativeTarget;
			buildConfigurationList = 55E07089197A4356000C46EC /* Build configuration list for PBXNativeTarget "Tip Calculator" */;
			buildPhases = (
				55E07069197A4356000C46EC /* Sources */,
				55E0706A197A4356000C46EC /* Frameworks */,
				55E0706B197A4356000C46EC /* Resources */,
			);
			buildRules = (
			);
			dependencies = (
			);
			name = "Tip Calculator";
			productName = TipCalculator;
			productReference = 55E0706D197A4356000C46EC /* Tip Calculator.app */;
			productType = "com.apple.product-type.application";
		};
		55E0707E197A4356000C46EC /* Tip CalculatorTests */ = {
			isa = PBXNativeTarget;
			buildConfigurationList = 55E0708C197A4356000C46EC /* Build configuration list for PBXNativeTarget "Tip CalculatorTests" */;
			buildPhases = (
				55E0707B197A4356000C46EC /* Sources */,
				55E0707C197A4356000C46EC /* Frameworks */,
				55E0707D197A4356000C46EC /* Resources */,
			);
			buildRules = (
			);
			dependencies = (
				55E07081197A4356000C46EC /* PBXTargetDependency */,
			);
			name = "Tip CalculatorTests";
			productName = TipCalculatorTests;
			productReference = 55E0707F197A4356000C46EC /* Tip CalculatorTests.xctest */;
			productType = "com.apple.product-type.bundle.unit-test";
		};
/* End PBXNativeTarget section */

/* Begin PBXProject section */
		55E07065197A4355000C46EC /* Project object */ = {
			isa = PBXProject;
			attributes = {
				LastUpgradeCheck = 0600;
				ORGANIZATIONNAME = "Kushal Nigam";
				TargetAttributes = {
					55E0706C197A4356000C46EC = {
						CreatedOnToolsVersion = 6.0;
						DevelopmentTeam = 7MXPGKB3UL;
					};
					55E0707E197A4356000C46EC = {
						CreatedOnToolsVersion = 6.0;
						TestTargetID = 55E0706C197A4356000C46EC;
					};
				};
			};
			buildConfigurationList = 55E07068197A4355000C46EC /* Build configuration list for PBXProject "Tip Calculator" */;
			compatibilityVersion = "Xcode 3.2";
			developmentRegion = English;
			hasScannedForEncodings = 0;
			knownRegions = (
				en,
				Base,
			);
			mainGroup = 55E07064197A4355000C46EC;
			productRefGroup = 55E0706E197A4356000C46EC /* Products */;
			projectDirPath = "";
			projectRoot = "";
			targets = (
				55E0706C197A4356000C46EC /* Tip Calculator */,
				55E0707E197A4356000C46EC /* Tip CalculatorTests */,
			);
		};
/* End PBXProject section */

/* Begin PBXResourcesBuildPhase section */
		55E0706B197A4356000C46EC /* Resources */ = {
			isa = PBXResourcesBuildPhase;
			buildActionMask = 2147483647;
			files = (
				55E07078197A4356000C46EC /* Main.storyboard in Resources */,
				55E0707A197A4356000C46EC /* Images.xcassets in Resources */,
			);
			runOnlyForDeploymentPostprocessing = 0;
		};
		55E0707D197A4356000C46EC /* Resources */ = {
			isa = PBXResourcesBuildPhase;
			buildActionMask = 2147483647;
			files = (
			);
			runOnlyForDeploymentPostprocessing = 0;
		};
/* End PBXResourcesBuildPhase section */

/* Begin PBXSourcesBuildPhase section */
		55E07069197A4356000C46EC /* Sources */ = {
			isa = PBXSourcesBuildPhase;
			buildActionMask = 2147483647;
			files = (
				55E07090197A4600000C46EC /* TipCalculatorModel.swift in Sources */,
				55E07075197A4356000C46EC /* ViewController.swift in Sources */,
				55E07073197A4356000C46EC /* AppDelegate.swift in Sources */,
			);
			runOnlyForDeploymentPostprocessing = 0;
		};
		55E0707B197A4356000C46EC /* Sources */ = {
			isa = PBXSourcesBuildPhase;
			buildActionMask = 2147483647;
			files = (
				55E07086197A4356000C46EC /* TipCalculatorTests.swift in Sources */,
			);
			runOnlyForDeploymentPostprocessing = 0;
		};
/* End PBXSourcesBuildPhase section */

/* Begin PBXTargetDependency section */
		55E07081197A4356000C46EC /* PBXTargetDependency */ = {
			isa = PBXTargetDependency;
			target = 55E0706C197A4356000C46EC /* Tip Calculator */;
			targetProxy = 55E07080197A4356000C46EC /* PBXContainerItemProxy */;
		};
/* End PBXTargetDependency section */

/* Begin PBXVariantGroup section */
		55E07076197A4356000C46EC /* Main.storyboard */ = {
			isa = PBXVariantGroup;
			children = (
				55E07077197A4356000C46EC /* Base */,
			);
			name = Main.storyboard;
			sourceTree = "<group>";
		};
/* End PBXVariantGroup section */

/* Begin XCBuildConfiguration section */
		55E07087197A4356000C46EC /* Debug */ = {
			isa = XCBuildConfiguration;
			buildSettings = {
				ALWAYS_SEARCH_USER_PATHS = NO;
				CLANG_CXX_LANGUAGE_STANDARD = "gnu++0x";
				CLANG_CXX_LIBRARY = "libc++";
				CLANG_ENABLE_MODULES = YES;
				CLANG_ENABLE_OBJC_ARC = YES;
				CLANG_WARN_BOOL_CONVERSION = YES;
				CLANG_WARN_CONSTANT_CONVERSION = YES;
				CLANG_WARN_DIRECT_OBJC_ISA_USAGE = YES_ERROR;
				CLANG_WARN_EMPTY_BODY = YES;
				CLANG_WARN_ENUM_CONVERSION = YES;
				CLANG_WARN_INT_CONVERSION = YES;
				CLANG_WARN_OBJC_ROOT_CLASS = YES_ERROR;
				CLANG_WARN_UNREACHABLE_CODE = YES;
				CLANG_WARN__DUPLICATE_METHOD_MATCH = YES;
				"CODE_SIGN_IDENTITY[sdk=iphoneos*]" = "iPhone Developer";
				COPY_PHASE_STRIP = NO;
				ENABLE_STRICT_OBJC_MSGSEND = YES;
				GCC_C_LANGUAGE_STANDARD = gnu99;
				GCC_DYNAMIC_NO_PIC = NO;
				GCC_OPTIMIZATION_LEVEL = 0;
				GCC_PREPROCESSOR_DEFINITIONS = (
					"DEBUG=1",
					"$(inherited)",
				);
				GCC_SYMBOLS_PRIVATE_EXTERN = NO;
				GCC_WARN_64_TO_32_BIT_CONVERSION = YES;
				GCC_WARN_ABOUT_RETURN_TYPE = YES_ERROR;
				GCC_WARN_UNDECLARED_SELECTOR = YES;
				GCC_WARN_UNINITIALIZED_AUTOS = YES_AGGRESSIVE;
				GCC_WARN_UNUSED_FUNCTION = YES;
				GCC_WARN_UNUSED_VARIABLE = YES;
				IPHONEOS_DEPLOYMENT_TARGET = 8.0;
				MTL_ENABLE_DEBUG_INFO = YES;
				ONLY_ACTIVE_ARCH = YES;
				SDKROOT = iphoneos;
				SWIFT_OPTIMIZATION_LEVEL = "-Onone";
			};
			name = Debug;
		};
		55E07088197A4356000C46EC /* Release */ = {
			isa = XCBuildConfiguration;
			buildSettings = {
				ALWAYS_SEARCH_USER_PATHS = NO;
				CLANG_CXX_LANGUAGE_STANDARD = "gnu++0x";
				CLANG_CXX_LIBRARY = "libc++";
				CLANG_ENABLE_MODULES = YES;
				CLANG_ENABLE_OBJC_ARC = YES;
				CLANG_WARN_BOOL_CONVERSION = YES;
				CLANG_WARN_CONSTANT_CONVERSION = YES;
				CLANG_WARN_DIRECT_OBJC_ISA_USAGE = YES_ERROR;
				CLANG_WARN_EMPTY_BODY = YES;
				CLANG_WARN_ENUM_CONVERSION = YES;
				CLANG_WARN_INT_CONVERSION = YES;
				CLANG_WARN_OBJC_ROOT_CLASS = YES_ERROR;
				CLANG_WARN_UNREACHABLE_CODE = YES;
				CLANG_WARN__DUPLICATE_METHOD_MATCH = YES;
				"CODE_SIGN_IDENTITY[sdk=iphoneos*]" = "iPhone Developer";
				COPY_PHASE_STRIP = YES;
				ENABLE_NS_ASSERTIONS = NO;
				ENABLE_STRICT_OBJC_MSGSEND = YES;
				GCC_C_LANGUAGE_STANDARD = gnu99;
				GCC_WARN_64_TO_32_BIT_CONVERSION = YES;
				GCC_WARN_ABOUT_RETURN_TYPE = YES_ERROR;
				GCC_WARN_UNDECLARED_SELECTOR = YES;
				GCC_WARN_UNINITIALIZED_AUTOS = YES_AGGRESSIVE;
				GCC_WARN_UNUSED_FUNCTION = YES;
				GCC_WARN_UNUSED_VARIABLE = YES;
				IPHONEOS_DEPLOYMENT_TARGET = 8.0;
				MTL_ENABLE_DEBUG_INFO = NO;
				SDKROOT = iphoneos;
				VALIDATE_PRODUCT = YES;
			};
			name = Release;
		};
		55E0708A197A4356000C46EC /* Debug */ = {
			isa = XCBuildConfiguration;
			buildSettings = {
				ASSETCATALOG_COMPILER_APPICON_NAME = AppIcon;
				ASSETCATALOG_COMPILER_LAUNCHIMAGE_NAME = LaunchImage;
				CODE_SIGN_IDENTITY = "iPhone Developer";
				INFOPLIST_FILE = TipCalculator/Info.plist;
				IPHONEOS_DEPLOYMENT_TARGET = 7.1;
				LD_RUNPATH_SEARCH_PATHS = "$(inherited) @executable_path/Frameworks";
				PRODUCT_NAME = "Tip Calculator";
				TARGETED_DEVICE_FAMILY = 1;
			};
			name = Debug;
		};
		55E0708B197A4356000C46EC /* Release */ = {
			isa = XCBuildConfiguration;
			buildSettings = {
				ASSETCATALOG_COMPILER_APPICON_NAME = AppIcon;
				ASSETCATALOG_COMPILER_LAUNCHIMAGE_NAME = LaunchImage;
				CODE_SIGN_IDENTITY = "iPhone Developer";
				INFOPLIST_FILE = TipCalculator/Info.plist;
				IPHONEOS_DEPLOYMENT_TARGET = 7.1;
				LD_RUNPATH_SEARCH_PATHS = "$(inherited) @executable_path/Frameworks";
				PRODUCT_NAME = "Tip Calculator";
				TARGETED_DEVICE_FAMILY = 1;
			};
			name = Release;
		};
		55E0708D197A4356000C46EC /* Debug */ = {
			isa = XCBuildConfiguration;
			buildSettings = {
				BUNDLE_LOADER = "$(BUILT_PRODUCTS_DIR)/TipCalculator.app/TipCalculator";
				FRAMEWORK_SEARCH_PATHS = (
					"$(SDKROOT)/Developer/Library/Frameworks",
					"$(inherited)",
				);
				GCC_PREPROCESSOR_DEFINITIONS = (
					"DEBUG=1",
					"$(inherited)",
				);
				INFOPLIST_FILE = TipCalculatorTests/Info.plist;
				LD_RUNPATH_SEARCH_PATHS = "$(inherited) @executable_path/Frameworks @loader_path/Frameworks";
				PRODUCT_NAME = "Tip CalculatorTests";
				TEST_HOST = "$(BUNDLE_LOADER)";
			};
			name = Debug;
		};
		55E0708E197A4356000C46EC /* Release */ = {
			isa = XCBuildConfiguration;
			buildSettings = {
				BUNDLE_LOADER = "$(BUILT_PRODUCTS_DIR)/TipCalculator.app/TipCalculator";
				FRAMEWORK_SEARCH_PATHS = (
					"$(SDKROOT)/Developer/Library/Frameworks",
					"$(inherited)",
				);
				INFOPLIST_FILE = TipCalculatorTests/Info.plist;
				LD_RUNPATH_SEARCH_PATHS = "$(inherited) @executable_path/Frameworks @loader_path/Frameworks";
				PRODUCT_NAME = "Tip CalculatorTests";
				TEST_HOST = "$(BUNDLE_LOADER)";
			};
			name = Release;
		};
/* End XCBuildConfiguration section */

/* Begin XCConfigurationList section */
		55E07068197A4355000C46EC /* Build configuration list for PBXProject "Tip Calculator" */ = {
			isa = XCConfigurationList;
			buildConfigurations = (
				55E07087197A4356000C46EC /* Debug */,
				55E07088197A4356000C46EC /* Release */,
			);
			defaultConfigurationIsVisible = 0;
			defaultConfigurationName = Release;
		};
		55E07089197A4356000C46EC /* Build configuration list for PBXNativeTarget "Tip Calculator" */ = {
			isa = XCConfigurationList;
			buildConfigurations = (
				55E0708A197A4356000C46EC /* Debug */,
				55E0708B197A4356000C46EC /* Release */,
			);
			defaultConfigurationIsVisible = 0;
			defaultConfigurationName = Release;
		};
		55E0708C197A4356000C46EC /* Build configuration list for PBXNativeTarget "Tip CalculatorTests" */ = {
			isa = XCConfigurationList;
			buildConfigurations = (
				55E0708D197A4356000C46EC /* Debug */,
				55E0708E197A4356000C46EC /* Release */,
			);
			defaultConfigurationIsVisible = 0;
			defaultConfigurationName = Release;
		};
/* End XCConfigurationList section */
	};
	rootObject = 55E07065197A4355000C46EC /* Project object */;
}
